{
    "_meta": {
        "hash": {
            "sha256": "ecd093a88d7014a5c93741c4fc6301bd7e4d11f655c6e7bee21dea201b1eb845"
        },
        "pipfile-spec": 6,
        "requires": {
            "python_version": "3.10"
        },
        "sources": [
            {
                "name": "pypi",
                "url": "https://pypi.org/simple",
                "verify_ssl": true
            }
        ]
    },
    "default": {
        "simple-term-menu": {
            "hashes": [
                "sha256:35cfbf6e855c347938c2da27a619cf0e212bc72a48bb86e43fa462ec7d7bccec",
                "sha256:401e7efc6726e195b8e62bfcede51298dc0daf8c5f043a521c8828191b0b012e"
            ],
            "index": "pypi",
            "version": "==1.4.1"
        }
    },
    "develop": {}
}
